{
  "version": 4,
  "terraform_version": "1.10.5",
  "serial": 3,
  "lineage": "20f482e9-43f0-fdd2-340a-f2496c4699a8",
  "outputs": {
    "ip_address": {
      "value": "10.128.0.120",
      "type": "string"
    }
  },
  "resources": [
    {
      "mode": "managed",
      "type": "yandex_compute_instance",
      "name": "vm-1",
      "provider": "provider[\"registry.terraform.io/yandex-cloud/yandex\"]",
      "instances": [
        {
          "schema_version": 1,
          "attributes": {
            "allow_recreate": null,
            "allow_stopping_for_update": null,
            "boot_disk": [
              {
                "auto_delete": true,
                "device_name": "fhmtt9edkqqahbndisni",
                "disk_id": "fhmtt9edkqqahbndisni",
                "initialize_params": [
                  {
                    "block_size": 4096,
                    "description": "",
                    "image_id": "fd80ok8sil1fn2gqbm6h",
                    "kms_key_id": "",
                    "name": "",
                    "size": 8,
                    "snapshot_id": "",
                    "type": "network-hdd"
                  }
                ],
                "mode": "READ_WRITE"
              }
            ],
            "created_at": "2025-02-19T13:49:12Z",
            "description": "",
            "filesystem": [],
            "folder_id": "b1g350cad7hgaufou7rr",
            "fqdn": "fhmk257lt2a32j9hcqhu.auto.internal",
            "gpu_cluster_id": "",
            "hardware_generation": [
              {
                "generation2_features": [],
                "legacy_features": [
                  {
                    "pci_topology": "PCI_TOPOLOGY_V1"
                  }
                ]
              }
            ],
            "hostname": "",
            "id": "fhmk257lt2a32j9hcqhu",
            "labels": null,
            "local_disk": [],
            "maintenance_grace_period": "",
            "maintenance_policy": null,
            "metadata": {
              "ssh-keys": "eugene:ssh-rsa AAAAB3NzaC1yc2EAAAADAQABAAABgQDswBxh1Rfcs+854onIbSlffUSb6m0URq32pPAYopfjK4NpUY6EeceFSRW8UTlZqyKum6/uz7ziMzIJWAxHU9aRnhMsAQm8t4x9i52MzFOf5Xh2eadqfepctE44PSnnpHoQO88hk0WDluG3uqqsec2lDWrv7fO3mvNGn5XeBwmJu227AJkyVeSR618NC7TuqkdE+8prl4gm0/TVBBKVyv0sZHg//CdApnVCGOSqNZO7M26i4vAbZ8uijVtkpqaOehMqPa/eEW2C1VbKNQTpFBUu4Q9gDwcDQyxzfoLeUIayxjD55oXKuU0HHRsGFs2Bo/bS5IG5FOp9xtCYtvRUD28aHM6lj4VYhWjLv06i8C6LO/W0Davv7STaj2IaJnjTdUax/wOJJC8TOvGEBntX+twdRp32AmEb4z+4RlbMALDATWMwJg+4kVeQx21tnRs1lXYLKMf1fIVwgMqqV3ZcOdggPoGiQoB6XnyyR3UA/ZdDfZAPUQYrmus2lY9IWu9NW+M= eugene@terraform\n"
            },
            "metadata_options": [
              {
                "aws_v1_http_endpoint": 1,
                "aws_v1_http_token": 2,
                "gce_http_endpoint": 1,
                "gce_http_token": 1
              }
            ],
            "name": "chapter5-lesson2-std-037-51",
            "network_acceleration_type": "standard",
            "network_interface": [
              {
                "dns_record": [],
                "index": 0,
                "ip_address": "10.128.0.120",
                "ipv4": true,
                "ipv6": false,
                "ipv6_address": "",
                "ipv6_dns_record": [],
                "mac_address": "d0:0d:14:11:4f:5e",
                "nat": false,
                "nat_dns_record": [],
                "nat_ip_address": "",
                "nat_ip_version": "",
                "security_group_ids": [],
                "subnet_id": "e9b72t8g01fkr4fagkrd"
              }
            ],
            "placement_policy": [
              {
                "host_affinity_rules": [],
                "placement_group_id": "",
                "placement_group_partition": 0
              }
            ],
            "platform_id": "standard-v1",
            "resources": [
              {
                "core_fraction": 100,
                "cores": 2,
                "gpus": 0,
                "memory": 2
              }
            ],
            "scheduling_policy": [
              {
                "preemptible": false
              }
            ],
            "secondary_disk": [],
            "service_account_id": "",
            "status": "running",
            "timeouts": null,
            "zone": "ru-central1-a"
          },
          "sensitive_attributes": [],
          "private": "eyJlMmJmYjczMC1lY2FhLTExZTYtOGY4OC0zNDM2M2JjN2M0YzAiOnsiY3JlYXRlIjozMDAwMDAwMDAwMDAsImRlbGV0ZSI6MzAwMDAwMDAwMDAwLCJ1cGRhdGUiOjMwMDAwMDAwMDAwMH0sInNjaGVtYV92ZXJzaW9uIjoiMSJ9"
        }
      ]
    }
  ],
  "check_results": null
}
